// !$*UTF8*$!
{
	archiveVersion = 1;
	classes = {
	};
	objectVersion = 56;
	objects = {

/* Begin PBXBuildFile section */
		BD1C38BE2C58FB6E00B973A4 /* bucketListApp.swift in Sources */ = {isa = PBXBuildFile; fileRef = BD1C38BD2C58FB6E00B973A4 /* bucketListApp.swift */; };
		BD1C38C02C58FB6E00B973A4 /* ContentView.swift in Sources */ = {isa = PBXBuildFile; fileRef = BD1C38BF2C58FB6E00B973A4 /* ContentView.swift */; };
		BD1C38C22C58FB6F00B973A4 /* Assets.xcassets in Resources */ = {isa = PBXBuildFile; fileRef = BD1C38C12C58FB6F00B973A4 /* Assets.xcassets */; };
		BD1C38C52C58FB6F00B973A4 /* Preview Assets.xcassets in Resources */ = {isa = PBXBuildFile; fileRef = BD1C38C42C58FB6F00B973A4 /* Preview Assets.xcassets */; };
		BD1C38CF2C58FB7000B973A4 /* bucketListTests.swift in Sources */ = {isa = PBXBuildFile; fileRef = BD1C38CE2C58FB7000B973A4 /* bucketListTests.swift */; };
		BD1C38D92C58FB7000B973A4 /* bucketListUITests.swift in Sources */ = {isa = PBXBuildFile; fileRef = BD1C38D82C58FB7000B973A4 /* bucketListUITests.swift */; };
		BD1C38DB2C58FB7000B973A4 /* bucketListUITestsLaunchTests.swift in Sources */ = {isa = PBXBuildFile; fileRef = BD1C38DA2C58FB7000B973A4 /* bucketListUITestsLaunchTests.swift */; };
		BD1C38EA2C58FC1D00B973A4 /* NewToDoView.swift in Sources */ = {isa = PBXBuildFile; fileRef = BD1C38E92C58FC1D00B973A4 /* NewToDoView.swift */; };
		BD1C38F22C590BAB00B973A4 /* ToDoItem.swift in Sources */ = {isa = PBXBuildFile; fileRef = BD1C38F12C590BAB00B973A4 /* ToDoItem.swift */; };
/* End PBXBuildFile section */

/* Begin PBXContainerItemProxy section */
		BD1C38CB2C58FB7000B973A4 /* PBXContainerItemProxy */ = {
			isa = PBXContainerItemProxy;
			containerPortal = BD1C38B22C58FB6E00B973A4 /* Project object */;
			proxyType = 1;
			remoteGlobalIDString = BD1C38B92C58FB6E00B973A4;
			remoteInfo = bucketList;
		};
		BD1C38D52C58FB7000B973A4 /* PBXContainerItemProxy */ = {
			isa = PBXContainerItemProxy;
			containerPortal = BD1C38B22C58FB6E00B973A4 /* Project object */;
			proxyType = 1;
			remoteGlobalIDString = BD1C38B92C58FB6E00B973A4;
			remoteInfo = bucketList;
		};
/* End PBXContainerItemProxy section */

/* Begin PBXFileReference section */
		BD1C38BA2C58FB6E00B973A4 /* bucketList.app */ = {isa = PBXFileReference; explicitFileType = wrapper.application; includeInIndex = 0; path = bucketList.app; sourceTree = BUILT_PRODUCTS_DIR; };
		BD1C38BD2C58FB6E00B973A4 /* bucketListApp.swift */ = {isa = PBXFileReference; lastKnownFileType = sourcecode.swift; path = bucketListApp.swift; sourceTree = "<group>"; };
		BD1C38BF2C58FB6E00B973A4 /* ContentView.swift */ = {isa = PBXFileReference; lastKnownFileType = sourcecode.swift; path = ContentView.swift; sourceTree = "<group>"; };
		BD1C38C12C58FB6F00B973A4 /* Assets.xcassets */ = {isa = PBXFileReference; lastKnownFileType = folder.assetcatalog; path = Assets.xcassets; sourceTree = "<group>"; };
		BD1C38C42C58FB6F00B973A4 /* Preview Assets.xcassets */ = {isa = PBXFileReference; lastKnownFileType = folder.assetcatalog; path = "Preview Assets.xcassets"; sourceTree = "<group>"; };
		BD1C38CA2C58FB7000B973A4 /* bucketListTests.xctest */ = {isa = PBXFileReference; explicitFileType = wrapper.cfbundle; includeInIndex = 0; path = bucketListTests.xctest; sourceTree = BUILT_PRODUCTS_DIR; };
		BD1C38CE2C58FB7000B973A4 /* bucketListTests.swift */ = {isa = PBXFileReference; lastKnownFileType = sourcecode.swift; path = bucketListTests.swift; sourceTree = "<group>"; };
		BD1C38D42C58FB7000B973A4 /* bucketListUITests.xctest */ = {isa = PBXFileReference; explicitFileType = wrapper.cfbundle; includeInIndex = 0; path = bucketListUITests.xctest; sourceTree = BUILT_PRODUCTS_DIR; };
		BD1C38D82C58FB7000B973A4 /* bucketListUITests.swift */ = {isa = PBXFileReference; lastKnownFileType = sourcecode.swift; path = bucketListUITests.swift; sourceTree = "<group>"; };
		BD1C38DA2C58FB7000B973A4 /* bucketListUITestsLaunchTests.swift */ = {isa = PBXFileReference; lastKnownFileType = sourcecode.swift; path = bucketListUITestsLaunchTests.swift; sourceTree = "<group>"; };
		BD1C38E92C58FC1D00B973A4 /* NewToDoView.swift */ = {isa = PBXFileReference; lastKnownFileType = sourcecode.swift; path = NewToDoView.swift; sourceTree = "<group>"; };
		BD1C38F12C590BAB00B973A4 /* ToDoItem.swift */ = {isa = PBXFileReference; lastKnownFileType = sourcecode.swift; path = ToDoItem.swift; sourceTree = "<group>"; };
/* End PBXFileReference section */

/* Begin PBXFrameworksBuildPhase section */
		BD1C38B72C58FB6E00B973A4 /* Frameworks */ = {
			isa = PBXFrameworksBuildPhase;
			buildActionMask = 2147483647;
			files = (
			);
			runOnlyForDeploymentPostprocessing = 0;
		};
		BD1C38C72C58FB7000B973A4 /* Frameworks */ = {
			isa = PBXFrameworksBuildPhase;
			buildActionMask = 2147483647;
			files = (
			);
			runOnlyForDeploymentPostprocessing = 0;
		};
		BD1C38D12C58FB7000B973A4 /* Frameworks */ = {
			isa = PBXFrameworksBuildPhase;
			buildActionMask = 2147483647;
			files = (
			);
			runOnlyForDeploymentPostprocessing = 0;
		};
/* End PBXFrameworksBuildPhase section */

/* Begin PBXGroup section */
		BD1C38B12C58FB6E00B973A4 = {
			isa = PBXGroup;
			children = (
				BD1C38BC2C58FB6E00B973A4 /* bucketList */,
				BD1C38CD2C58FB7000B973A4 /* bucketListTests */,
				BD1C38D72C58FB7000B973A4 /* bucketListUITests */,
				BD1C38BB2C58FB6E00B973A4 /* Products */,
			);
			sourceTree = "<group>";
		};
		BD1C38BB2C58FB6E00B973A4 /* Products */ = {
			isa = PBXGroup;
			children = (
				BD1C38BA2C58FB6E00B973A4 /* bucketList.app */,
				BD1C38CA2C58FB7000B973A4 /* bucketListTests.xctest */,
				BD1C38D42C58FB7000B973A4 /* bucketListUITests.xctest */,
			);
			name = Products;
			sourceTree = "<group>";
		};
		BD1C38BC2C58FB6E00B973A4 /* bucketList */ = {
			isa = PBXGroup;
			children = (
				BD1C38BD2C58FB6E00B973A4 /* bucketListApp.swift */,
				BD1C38BF2C58FB6E00B973A4 /* ContentView.swift */,
				BD1C38E92C58FC1D00B973A4 /* NewToDoView.swift */,
				BD1C38F12C590BAB00B973A4 /* ToDoItem.swift */,
				BD1C38C12C58FB6F00B973A4 /* Assets.xcassets */,
				BD1C38C32C58FB6F00B973A4 /* Preview Content */,
			);
			path = bucketList;
			sourceTree = "<group>";
		};
		BD1C38C32C58FB6F00B973A4 /* Preview Content */ = {
			isa = PBXGroup;
			children = (
				BD1C38C42C58FB6F00B973A4 /* Preview Assets.xcassets */,
			);
			path = "Preview Content";
			sourceTree = "<group>";
		};
		BD1C38CD2C58FB7000B973A4 /* bucketListTests */ = {
			isa = PBXGroup;
			children = (
				BD1C38CE2C58FB7000B973A4 /* bucketListTests.swift */,
			);
			path = bucketListTests;
			sourceTree = "<group>";
		};
		BD1C38D72C58FB7000B973A4 /* bucketListUITests */ = {
			isa = PBXGroup;
			children = (
				BD1C38D82C58FB7000B973A4 /* bucketListUITests.swift */,
				BD1C38DA2C58FB7000B973A4 /* bucketListUITestsLaunchTests.swift */,
			);
			path = bucketListUITests;
			sourceTree = "<group>";
		};
/* End PBXGroup section */

/* Begin PBXNativeTarget section */
		BD1C38B92C58FB6E00B973A4 /* bucketList */ = {
			isa = PBXNativeTarget;
			buildConfigurationList = BD1C38DE2C58FB7000B973A4 /* Build configuration list for PBXNativeTarget "bucketList" */;
			buildPhases = (
				BD1C38B62C58FB6E00B973A4 /* Sources */,
				BD1C38B72C58FB6E00B973A4 /* Frameworks */,
				BD1C38B82C58FB6E00B973A4 /* Resources */,
			);
			buildRules = (
			);
			dependencies = (
			);
			name = bucketList;
			productName = bucketList;
			productReference = BD1C38BA2C58FB6E00B973A4 /* bucketList.app */;
			productType = "com.apple.product-type.application";
		};
		BD1C38C92C58FB7000B973A4 /* bucketListTests */ = {
			isa = PBXNativeTarget;
			buildConfigurationList = BD1C38E12C58FB7000B973A4 /* Build configuration list for PBXNativeTarget "bucketListTests" */;
			buildPhases = (
				BD1C38C62C58FB7000B973A4 /* Sources */,
				BD1C38C72C58FB7000B973A4 /* Frameworks */,
				BD1C38C82C58FB7000B973A4 /* Resources */,
			);
			buildRules = (
			);
			dependencies = (
				BD1C38CC2C58FB7000B973A4 /* PBXTargetDependency */,
			);
			name = bucketListTests;
			productName = bucketListTests;
			productReference = BD1C38CA2C58FB7000B973A4 /* bucketListTests.xctest */;
			productType = "com.apple.product-type.bundle.unit-test";
		};
		BD1C38D32C58FB7000B973A4 /* bucketListUITests */ = {
			isa = PBXNativeTarget;
			buildConfigurationList = BD1C38E42C58FB7000B973A4 /* Build configuration list for PBXNativeTarget "bucketListUITests" */;
			buildPhases = (
				BD1C38D02C58FB7000B973A4 /* Sources */,
				BD1C38D12C58FB7000B973A4 /* Frameworks */,
				BD1C38D22C58FB7000B973A4 /* Resources */,
			);
			buildRules = (
			);
			dependencies = (
				BD1C38D62C58FB7000B973A4 /* PBXTargetDependency */,
			);
			name = bucketListUITests;
			productName = bucketListUITests;
			productReference = BD1C38D42C58FB7000B973A4 /* bucketListUITests.xctest */;
			productType = "com.apple.product-type.bundle.ui-testing";
		};
/* End PBXNativeTarget section */

/* Begin PBXProject section */
		BD1C38B22C58FB6E00B973A4 /* Project object */ = {
			isa = PBXProject;
			attributes = {
				BuildIndependentTargetsInParallel = 1;
				LastSwiftUpdateCheck = 1540;
				LastUpgradeCheck = 1540;
				TargetAttributes = {
					BD1C38B92C58FB6E00B973A4 = {
						CreatedOnToolsVersion = 15.4;
					};
					BD1C38C92C58FB7000B973A4 = {
						CreatedOnToolsVersion = 15.4;
						TestTargetID = BD1C38B92C58FB6E00B973A4;
					};
					BD1C38D32C58FB7000B973A4 = {
						CreatedOnToolsVersion = 15.4;
						TestTargetID = BD1C38B92C58FB6E00B973A4;
					};
				};
			};
			buildConfigurationList = BD1C38B52C58FB6E00B973A4 /* Build configuration list for PBXProject "bucketList" */;
			compatibilityVersion = "Xcode 14.0";
			developmentRegion = en;
			hasScannedForEncodings = 0;
			knownRegions = (
				en,
				Base,
			);
			mainGroup = BD1C38B12C58FB6E00B973A4;
			productRefGroup = BD1C38BB2C58FB6E00B973A4 /* Products */;
			projectDirPath = "";
			projectRoot = "";
			targets = (
				BD1C38B92C58FB6E00B973A4 /* bucketList */,
				BD1C38C92C58FB7000B973A4 /* bucketListTests */,
				BD1C38D32C58FB7000B973A4 /* bucketListUITests */,
			);
		};
/* End PBXProject section */

/* Begin PBXResourcesBuildPhase section */
		BD1C38B82C58FB6E00B973A4 /* Resources */ = {
			isa = PBXResourcesBuildPhase;
			buildActionMask = 2147483647;
			files = (
				BD1C38C52C58FB6F00B973A4 /* Preview Assets.xcassets in Resources */,
				BD1C38C22C58FB6F00B973A4 /* Assets.xcassets in Resources */,
			);
			runOnlyForDeploymentPostprocessing = 0;
		};
		BD1C38C82C58FB7000B973A4 /* Resources */ = {
			isa = PBXResourcesBuildPhase;
			buildActionMask = 2147483647;
			files = (
			);
			runOnlyForDeploymentPostprocessing = 0;
		};
		BD1C38D22C58FB7000B973A4 /* Resources */ = {
			isa = PBXResourcesBuildPhase;
			buildActionMask = 2147483647;
			files = (
			);
			runOnlyForDeploymentPostprocessing = 0;
		};
/* End PBXResourcesBuildPhase section */

/* Begin PBXSourcesBuildPhase section */
		BD1C38B62C58FB6E00B973A4 /* Sources */ = {
			isa = PBXSourcesBuildPhase;
			buildActionMask = 2147483647;
			files = (
				BD1C38EA2C58FC1D00B973A4 /* NewToDoView.swift in Sources */,
				BD1C38C02C58FB6E00B973A4 /* ContentView.swift in Sources */,
				BD1C38F22C590BAB00B973A4 /* ToDoItem.swift in Sources */,
				BD1C38BE2C58FB6E00B973A4 /* bucketListApp.swift in Sources */,
			);
			runOnlyForDeploymentPostprocessing = 0;
		};
		BD1C38C62C58FB7000B973A4 /* Sources */ = {
			isa = PBXSourcesBuildPhase;
			buildActionMask = 2147483647;
			files = (
				BD1C38CF2C58FB7000B973A4 /* bucketListTests.swift in Sources */,
			);
			runOnlyForDeploymentPostprocessing = 0;
		};
		BD1C38D02C58FB7000B973A4 /* Sources */ = {
			isa = PBXSourcesBuildPhase;
			buildActionMask = 2147483647;
			files = (
				BD1C38DB2C58FB7000B973A4 /* bucketListUITestsLaunchTests.swift in Sources */,
				BD1C38D92C58FB7000B973A4 /* bucketListUITests.swift in Sources */,
			);
			runOnlyForDeploymentPostprocessing = 0;
		};
/* End PBXSourcesBuildPhase section */

/* Begin PBXTargetDependency section */
		BD1C38CC2C58FB7000B973A4 /* PBXTargetDependency */ = {
			isa = PBXTargetDependency;
			target = BD1C38B92C58FB6E00B973A4 /* bucketList */;
			targetProxy = BD1C38CB2C58FB7000B973A4 /* PBXContainerItemProxy */;
		};
		BD1C38D62C58FB7000B973A4 /* PBXTargetDependency */ = {
			isa = PBXTargetDependency;
			target = BD1C38B92C58FB6E00B973A4 /* bucketList */;
			targetProxy = BD1C38D52C58FB7000B973A4 /* PBXContainerItemProxy */;
		};
/* End PBXTargetDependency section */

/* Begin XCBuildConfiguration section */
		BD1C38DC2C58FB7000B973A4 /* Debug */ = {
			isa = XCBuildConfiguration;
			buildSettings = {
				ALWAYS_SEARCH_USER_PATHS = NO;
				ASSETCATALOG_COMPILER_GENERATE_SWIFT_ASSET_SYMBOL_EXTENSIONS = YES;
				CLANG_ANALYZER_NONNULL = YES;
				CLANG_ANALYZER_NUMBER_OBJECT_CONVERSION = YES_AGGRESSIVE;
				CLANG_CXX_LANGUAGE_STANDARD = "gnu++20";
				CLANG_ENABLE_MODULES = YES;
				CLANG_ENABLE_OBJC_ARC = YES;
				CLANG_ENABLE_OBJC_WEAK = YES;
				CLANG_WARN_BLOCK_CAPTURE_AUTORELEASING = YES;
				CLANG_WARN_BOOL_CONVERSION = YES;
				CLANG_WARN_COMMA = YES;
				CLANG_WARN_CONSTANT_CONVERSION = YES;
				CLANG_WARN_DEPRECATED_OBJC_IMPLEMENTATIONS = YES;
				CLANG_WARN_DIRECT_OBJC_ISA_USAGE = YES_ERROR;
				CLANG_WARN_DOCUMENTATION_COMMENTS = YES;
				CLANG_WARN_EMPTY_BODY = YES;
				CLANG_WARN_ENUM_CONVERSION = YES;
				CLANG_WARN_INFINITE_RECURSION = YES;
				CLANG_WARN_INT_CONVERSION = YES;
				CLANG_WARN_NON_LITERAL_NULL_CONVERSION = YES;
				CLANG_WARN_OBJC_IMPLICIT_RETAIN_SELF = YES;
				CLANG_WARN_OBJC_LITERAL_CONVERSION = YES;
				CLANG_WARN_OBJC_ROOT_CLASS = YES_ERROR;
				CLANG_WARN_QUOTED_INCLUDE_IN_FRAMEWORK_HEADER = YES;
				CLANG_WARN_RANGE_LOOP_ANALYSIS = YES;
				CLANG_WARN_STRICT_PROTOTYPES = YES;
				CLANG_WARN_SUSPICIOUS_MOVE = YES;
				CLANG_WARN_UNGUARDED_AVAILABILITY = YES_AGGRESSIVE;
				CLANG_WARN_UNREACHABLE_CODE = YES;
				CLANG_WARN__DUPLICATE_METHOD_MATCH = YES;
				COPY_PHASE_STRIP = NO;
				DEBUG_INFORMATION_FORMAT = dwarf;
				ENABLE_STRICT_OBJC_MSGSEND = YES;
				ENABLE_TESTABILITY = YES;
				ENABLE_USER_SCRIPT_SANDBOXING = YES;
				GCC_C_LANGUAGE_STANDARD = gnu17;
				GCC_DYNAMIC_NO_PIC = NO;
				GCC_NO_COMMON_BLOCKS = YES;
				GCC_OPTIMIZATION_LEVEL = 0;
				GCC_PREPROCESSOR_DEFINITIONS = (
					"DEBUG=1",
					"$(inherited)",
				);
				GCC_WARN_64_TO_32_BIT_CONVERSION = YES;
				GCC_WARN_ABOUT_RETURN_TYPE = YES_ERROR;
				GCC_WARN_UNDECLARED_SELECTOR = YES;
				GCC_WARN_UNINITIALIZED_AUTOS = YES_AGGRESSIVE;
				GCC_WARN_UNUSED_FUNCTION = YES;
				GCC_WARN_UNUSED_VARIABLE = YES;
				IPHONEOS_DEPLOYMENT_TARGET = 17.5;
				LOCALIZATION_PREFERS_STRING_CATALOGS = YES;
				MTL_ENABLE_DEBUG_INFO = INCLUDE_SOURCE;
				MTL_FAST_MATH = YES;
				ONLY_ACTIVE_ARCH = YES;
				SDKROOT = iphoneos;
				SWIFT_ACTIVE_COMPILATION_CONDITIONS = "DEBUG $(inherited)";
				SWIFT_OPTIMIZATION_LEVEL = "-Onone";
			};
			name = Debug;
		};
		BD1C38DD2C58FB7000B973A4 /* Release */ = {
			isa = XCBuildConfiguration;
			buildSettings = {
				ALWAYS_SEARCH_USER_PATHS = NO;
				ASSETCATALOG_COMPILER_GENERATE_SWIFT_ASSET_SYMBOL_EXTENSIONS = YES;
				CLANG_ANALYZER_NONNULL = YES;
				CLANG_ANALYZER_NUMBER_OBJECT_CONVERSION = YES_AGGRESSIVE;
				CLANG_CXX_LANGUAGE_STANDARD = "gnu++20";
				CLANG_ENABLE_MODULES = YES;
				CLANG_ENABLE_OBJC_ARC = YES;
				CLANG_ENABLE_OBJC_WEAK = YES;
				CLANG_WARN_BLOCK_CAPTURE_AUTORELEASING = YES;
				CLANG_WARN_BOOL_CONVERSION = YES;
				CLANG_WARN_COMMA = YES;
				CLANG_WARN_CONSTANT_CONVERSION = YES;
				CLANG_WARN_DEPRECATED_OBJC_IMPLEMENTATIONS = YES;
				CLANG_WARN_DIRECT_OBJC_ISA_USAGE = YES_ERROR;
				CLANG_WARN_DOCUMENTATION_COMMENTS = YES;
				CLANG_WARN_EMPTY_BODY = YES;
				CLANG_WARN_ENUM_CONVERSION = YES;
				CLANG_WARN_INFINITE_RECURSION = YES;
				CLANG_WARN_INT_CONVERSION = YES;
				CLANG_WARN_NON_LITERAL_NULL_CONVERSION = YES;
				CLANG_WARN_OBJC_IMPLICIT_RETAIN_SELF = YES;
				CLANG_WARN_OBJC_LITERAL_CONVERSION = YES;
				CLANG_WARN_OBJC_ROOT_CLASS = YES_ERROR;
				CLANG_WARN_QUOTED_INCLUDE_IN_FRAMEWORK_HEADER = YES;
				CLANG_WARN_RANGE_LOOP_ANALYSIS = YES;
				CLANG_WARN_STRICT_PROTOTYPES = YES;
				CLANG_WARN_SUSPICIOUS_MOVE = YES;
				CLANG_WARN_UNGUARDED_AVAILABILITY = YES_AGGRESSIVE;
				CLANG_WARN_UNREACHABLE_CODE = YES;
				CLANG_WARN__DUPLICATE_METHOD_MATCH = YES;
				COPY_PHASE_STRIP = NO;
				DEBUG_INFORMATION_FORMAT = "dwarf-with-dsym";
				ENABLE_NS_ASSERTIONS = NO;
				ENABLE_STRICT_OBJC_MSGSEND = YES;
				ENABLE_USER_SCRIPT_SANDBOXING = YES;
				GCC_C_LANGUAGE_STANDARD = gnu17;
				GCC_NO_COMMON_BLOCKS = YES;
				GCC_WARN_64_TO_32_BIT_CONVERSION = YES;
				GCC_WARN_ABOUT_RETURN_TYPE = YES_ERROR;
				GCC_WARN_UNDECLARED_SELECTOR = YES;
				GCC_WARN_UNINITIALIZED_AUTOS = YES_AGGRESSIVE;
				GCC_WARN_UNUSED_FUNCTION = YES;
				GCC_WARN_UNUSED_VARIABLE = YES;
				IPHONEOS_DEPLOYMENT_TARGET = 17.5;
				LOCALIZATION_PREFERS_STRING_CATALOGS = YES;
				MTL_ENABLE_DEBUG_INFO = NO;
				MTL_FAST_MATH = YES;
				SDKROOT = iphoneos;
				SWIFT_COMPILATION_MODE = wholemodule;
				VALIDATE_PRODUCT = YES;
			};
			name = Release;
		};
		BD1C38DF2C58FB7000B973A4 /* Debug */ = {
			isa = XCBuildConfiguration;
			buildSettings = {
				ASSETCATALOG_COMPILER_APPICON_NAME = AppIcon;
				ASSETCATALOG_COMPILER_GLOBAL_ACCENT_COLOR_NAME = AccentColor;
				CODE_SIGN_STYLE = Automatic;
				CURRENT_PROJECT_VERSION = 1;
				DEVELOPMENT_ASSET_PATHS = "\"bucketList/Preview Content\"";
				ENABLE_PREVIEWS = YES;
				GENERATE_INFOPLIST_FILE = YES;
				INFOPLIST_KEY_UIApplicationSceneManifest_Generation = YES;
				INFOPLIST_KEY_UIApplicationSupportsIndirectInputEvents = YES;
				INFOPLIST_KEY_UILaunchScreen_Generation = YES;
				INFOPLIST_KEY_UISupportedInterfaceOrientations_iPad = "UIInterfaceOrientationPortrait UIInterfaceOrientationPortraitUpsideDown UIInterfaceOrientationLandscapeLeft UIInterfaceOrientationLandscapeRight";
				INFOPLIST_KEY_UISupportedInterfaceOrientations_iPhone = "UIInterfaceOrientationPortrait UIInterfaceOrientationLandscapeLeft UIInterfaceOrientationLandscapeRight";
				LD_RUNPATH_SEARCH_PATHS = (
					"$(inherited)",
					"@executable_path/Frameworks",
				);
				MARKETING_VERSION = 1.0;
				PRODUCT_BUNDLE_IDENTIFIER = kwk.bucketList;
				PRODUCT_NAME = "$(TARGET_NAME)";
				SWIFT_EMIT_LOC_STRINGS = YES;
				SWIFT_VERSION = 5.0;
				TARGETED_DEVICE_FAMILY = "1,2";
			};
			name = Debug;
		};
		BD1C38E02C58FB7000B973A4 /* Release */ = {
			isa = XCBuildConfiguration;
			buildSettings = {
				ASSETCATALOG_COMPILER_APPICON_NAME = AppIcon;
				ASSETCATALOG_COMPILER_GLOBAL_ACCENT_COLOR_NAME = AccentColor;
				CODE_SIGN_STYLE = Automatic;
				CURRENT_PROJECT_VERSION = 1;
				DEVELOPMENT_ASSET_PATHS = "\"bucketList/Preview Content\"";
				ENABLE_PREVIEWS = YES;
				GENERATE_INFOPLIST_FILE = YES;
				INFOPLIST_KEY_UIApplicationSceneManifest_Generation = YES;
				INFOPLIST_KEY_UIApplicationSupportsIndirectInputEvents = YES;
				INFOPLIST_KEY_UILaunchScreen_Generation = YES;
				INFOPLIST_KEY_UISupportedInterfaceOrientations_iPad = "UIInterfaceOrientationPortrait UIInterfaceOrientationPortraitUpsideDown UIInterfaceOrientationLandscapeLeft UIInterfaceOrientationLandscapeRight";
				INFOPLIST_KEY_UISupportedInterfaceOrientations_iPhone = "UIInterfaceOrientationPortrait UIInterfaceOrientationLandscapeLeft UIInterfaceOrientationLandscapeRight";
				LD_RUNPATH_SEARCH_PATHS = (
					"$(inherited)",
					"@executable_path/Frameworks",
				);
				MARKETING_VERSION = 1.0;
				PRODUCT_BUNDLE_IDENTIFIER = kwk.bucketList;
				PRODUCT_NAME = "$(TARGET_NAME)";
				SWIFT_EMIT_LOC_STRINGS = YES;
				SWIFT_VERSION = 5.0;
				TARGETED_DEVICE_FAMILY = "1,2";
			};
			name = Release;
		};
		BD1C38E22C58FB7000B973A4 /* Debug */ = {
			isa = XCBuildConfiguration;
			buildSettings = {
				ALWAYS_EMBED_SWIFT_STANDARD_LIBRARIES = YES;
				BUNDLE_LOADER = "$(TEST_HOST)";
				CODE_SIGN_STYLE = Automatic;
				CURRENT_PROJECT_VERSION = 1;
				GENERATE_INFOPLIST_FILE = YES;
				IPHONEOS_DEPLOYMENT_TARGET = 17.5;
				MARKETING_VERSION = 1.0;
				PRODUCT_BUNDLE_IDENTIFIER = kwk.bucketListTests;
				PRODUCT_NAME = "$(TARGET_NAME)";
				SWIFT_EMIT_LOC_STRINGS = NO;
				SWIFT_VERSION = 5.0;
				TARGETED_DEVICE_FAMILY = "1,2";
				TEST_HOST = "$(BUILT_PRODUCTS_DIR)/bucketList.app/$(BUNDLE_EXECUTABLE_FOLDER_PATH)/bucketList";
			};
			name = Debug;
		};
		BD1C38E32C58FB7000B973A4 /* Release */ = {
			isa = XCBuildConfiguration;
			buildSettings = {
				ALWAYS_EMBED_SWIFT_STANDARD_LIBRARIES = YES;
				BUNDLE_LOADER = "$(TEST_HOST)";
				CODE_SIGN_STYLE = Automatic;
				CURRENT_PROJECT_VERSION = 1;
				GENERATE_INFOPLIST_FILE = YES;
				IPHONEOS_DEPLOYMENT_TARGET = 17.5;
				MARKETING_VERSION = 1.0;
				PRODUCT_BUNDLE_IDENTIFIER = kwk.bucketListTests;
				PRODUCT_NAME = "$(TARGET_NAME)";
				SWIFT_EMIT_LOC_STRINGS = NO;
				SWIFT_VERSION = 5.0;
				TARGETED_DEVICE_FAMILY = "1,2";
				TEST_HOST = "$(BUILT_PRODUCTS_DIR)/bucketList.app/$(BUNDLE_EXECUTABLE_FOLDER_PATH)/bucketList";
			};
			name = Release;
		};
		BD1C38E52C58FB7000B973A4 /* Debug */ = {
			isa = XCBuildConfiguration;
			buildSettings = {
				ALWAYS_EMBED_SWIFT_STANDARD_LIBRARIES = YES;
				CODE_SIGN_STYLE = Automatic;
				CURRENT_PROJECT_VERSION = 1;
				GENERATE_INFOPLIST_FILE = YES;
				MARKETING_VERSION = 1.0;
				PRODUCT_BUNDLE_IDENTIFIER = kwk.bucketListUITests;
				PRODUCT_NAME = "$(TARGET_NAME)";
				SWIFT_EMIT_LOC_STRINGS = NO;
				SWIFT_VERSION = 5.0;
				TARGETED_DEVICE_FAMILY = "1,2";
				TEST_TARGET_NAME = bucketList;
			};
			name = Debug;
		};
		BD1C38E62C58FB7000B973A4 /* Release */ = {
			isa = XCBuildConfiguration;
			buildSettings = {
				ALWAYS_EMBED_SWIFT_STANDARD_LIBRARIES = YES;
				CODE_SIGN_STYLE = Automatic;
				CURRENT_PROJECT_VERSION = 1;
				GENERATE_INFOPLIST_FILE = YES;
				MARKETING_VERSION = 1.0;
				PRODUCT_BUNDLE_IDENTIFIER = kwk.bucketListUITests;
				PRODUCT_NAME = "$(TARGET_NAME)";
				SWIFT_EMIT_LOC_STRINGS = NO;
				SWIFT_VERSION = 5.0;
				TARGETED_DEVICE_FAMILY = "1,2";
				TEST_TARGET_NAME = bucketList;
			};
			name = Release;
		};
/* End XCBuildConfiguration section */

/* Begin XCConfigurationList section */
		BD1C38B52C58FB6E00B973A4 /* Build configuration list for PBXProject "bucketList" */ = {
			isa = XCConfigurationList;
			buildConfigurations = (
				BD1C38DC2C58FB7000B973A4 /* Debug */,
				BD1C38DD2C58FB7000B973A4 /* Release */,
			);
			defaultConfigurationIsVisible = 0;
			defaultConfigurationName = Release;
		};
		BD1C38DE2C58FB7000B973A4 /* Build configuration list for PBXNativeTarget "bucketList" */ = {
			isa = XCConfigurationList;
			buildConfigurations = (
				BD1C38DF2C58FB7000B973A4 /* Debug */,
				BD1C38E02C58FB7000B973A4 /* Release */,
			);
			defaultConfigurationIsVisible = 0;
			defaultConfigurationName = Release;
		};
		BD1C38E12C58FB7000B973A4 /* Build configuration list for PBXNativeTarget "bucketListTests" */ = {
			isa = XCConfigurationList;
			buildConfigurations = (
				BD1C38E22C58FB7000B973A4 /* Debug */,
				BD1C38E32C58FB7000B973A4 /* Release */,
			);
			defaultConfigurationIsVisible = 0;
			defaultConfigurationName = Release;
		};
		BD1C38E42C58FB7000B973A4 /* Build configuration list for PBXNativeTarget "bucketListUITests" */ = {
			isa = XCConfigurationList;
			buildConfigurations = (
				BD1C38E52C58FB7000B973A4 /* Debug */,
				BD1C38E62C58FB7000B973A4 /* Release */,
			);
			defaultConfigurationIsVisible = 0;
			defaultConfigurationName = Release;
		};
/* End XCConfigurationList section */
	};
	rootObject = BD1C38B22C58FB6E00B973A4 /* Project object */;
}
